
Microsoft Visual Studio Solution File, Format Version 12.00
# Visual Studio Version 17
VisualStudioVersion = 17.6.33801.468
MinimumVisualStudioVersion = 10.0.40219.1
Project("{FAE04EC0-301F-11D3-BF4B-00C04F79EFBC}") = "Tyuiu.ElmurzaevIH.Sprint4.Task0.V9", "Tyuiu.ElmurzaevIH.Sprint4.Task0.V9\Tyuiu.ElmurzaevIH.Sprint4.Task0.V9.csproj", "{3729F695-F8D4-41DF-8D05-031EAE1298F9}"
EndProject
Project("{2150E333-8FDC-42A3-9474-1A3956D46DE8}") = "Task0", "Task0", "{632377E4-0BC8-4A9C-9E4E-B49396E2ED3E}"
EndProject
Project("{FAE04EC0-301F-11D3-BF4B-00C04F79EFBC}") = "Tyuiu.ElmurzaevIH.Sprint4.Task0.V9.Lib", "Tyuiu.ElmurzaevIH.Sprint4.Task0.V9.Lib\Tyuiu.ElmurzaevIH.Sprint4.Task0.V9.Lib.csproj", "{DDC7AC0F-05A4-47EC-9D12-85BFAA78AEE6}"
EndProject
Project("{FAE04EC0-301F-11D3-BF4B-00C04F79EFBC}") = "Tyuiu.ElmurzaevIH.Sprint4.Task0.V9.Test", "Tyuiu.ElmurzaevIH.Sprint4.Task0.V9.Test\Tyuiu.ElmurzaevIH.Sprint4.Task0.V9.Test.csproj", "{681BF755-CE76-4BF8-B124-995AF881D9CB}"
EndProject
Project("{2150E333-8FDC-42A3-9474-1A3956D46DE8}") = "Task1", "Task1", "{D38A8DCD-6244-42FC-B5E8-A90CCDD33DCC}"
EndProject
Project("{FAE04EC0-301F-11D3-BF4B-00C04F79EFBC}") = "Tyuiu.ElmurzaevIH.Sprint4.Task1.V6", "Tyuiu.ElmurzaevIH.Sprint4.Task1.V6\Tyuiu.ElmurzaevIH.Sprint4.Task1.V6.csproj", "{2CC83D9C-9CBA-4A50-AF9E-87F8D9FB898E}"
EndProject
Project("{FAE04EC0-301F-11D3-BF4B-00C04F79EFBC}") = "Tyuiu.ElmurzaevIH.Sprint4.Task1.V6.Lib", "Tyuiu.ElmurzaevIH.Sprint4.Task1.V6.Lib\Tyuiu.ElmurzaevIH.Sprint4.Task1.V6.Lib.csproj", "{6FB6B695-6C79-4B8E-8A1B-27D7EEE94617}"
EndProject
Project("{FAE04EC0-301F-11D3-BF4B-00C04F79EFBC}") = "Tyuiu.ElmurzaevIH.Sprint4.Task1.V6.Test", "Tyuiu.ElmurzaevIH.Sprint4.Task1.V6.Test\Tyuiu.ElmurzaevIH.Sprint4.Task1.V6.Test.csproj", "{923C21D7-FC79-49C7-B9A9-8A3975D8F60B}"
EndProject
Project("{2150E333-8FDC-42A3-9474-1A3956D46DE8}") = "Task2", "Task2", "{1C8F5DD4-4422-428A-B243-49C86C5B9826}"
EndProject
Project("{FAE04EC0-301F-11D3-BF4B-00C04F79EFBC}") = "Tyuiu.ElmurzaevIH.Sprint4.Task2.V19", "Tyuiu.ElmurzaevIH.Sprint4.Task2.V19\Tyuiu.ElmurzaevIH.Sprint4.Task2.V19.csproj", "{A91B47B2-4AAC-435E-8347-CBA486E95F63}"
EndProject
Project("{FAE04EC0-301F-11D3-BF4B-00C04F79EFBC}") = "Tyuiu.ElmurzaevIH.Sprint4.Task2.V19.Lib", "Tyuiu.ElmurzaevIH.Sprint4.Task2.V19.Lib\Tyuiu.ElmurzaevIH.Sprint4.Task2.V19.Lib.csproj", "{A165B851-2DB7-4180-953C-081AD91B9198}"
EndProject
Project("{FAE04EC0-301F-11D3-BF4B-00C04F79EFBC}") = "Tyuiu.ElmurzaevIH.Sprint4.Task2.V19.Test", "Tyuiu.ElmurzaevIH.Sprint4.Task2.V19.Test\Tyuiu.ElmurzaevIH.Sprint4.Task2.V19.Test.csproj", "{DCA0CD25-4FC4-409D-B7DB-7E478F75E58F}"
EndProject
Project("{2150E333-8FDC-42A3-9474-1A3956D46DE8}") = "Task3", "Task3", "{42614B3B-4D1F-4178-822E-67D0033ED165}"
EndProject
Project("{FAE04EC0-301F-11D3-BF4B-00C04F79EFBC}") = "Tyuiu.ElmurzaevIH.Sprint4.Task3.V6", "Tyuiu.ElmurzaevIH.Sprint4.Task3.V6\Tyuiu.ElmurzaevIH.Sprint4.Task3.V6.csproj", "{6D71C8E3-E3FD-4A9B-86A8-BFBF32B0CD48}"
EndProject
Project("{FAE04EC0-301F-11D3-BF4B-00C04F79EFBC}") = "Tyuiu.ElmurzaevIH.Sprint4.Task3.V6.Lib", "Tyuiu.ElmurzaevIH.Sprint4.Task3.V6.Lib\Tyuiu.ElmurzaevIH.Sprint4.Task3.V6.Lib.csproj", "{F49C6F00-B957-4CE6-93FB-DA6B9BD9F930}"
EndProject
Project("{FAE04EC0-301F-11D3-BF4B-00C04F79EFBC}") = "Tyuiu.ElmurzaevIH.Sprint4.Task3.V6.Test", "Tyuiu.ElmurzaevIH.Sprint4.Task3.V6.Test\Tyuiu.ElmurzaevIH.Sprint4.Task3.V6.Test.csproj", "{425AE82C-7132-42A3-9482-0638F12BBC77}"
EndProject
Project("{2150E333-8FDC-42A3-9474-1A3956D46DE8}") = "Task4", "Task4", "{8CFFB374-FF2F-4330-B81A-864CFCBE90EC}"
EndProject
Project("{FAE04EC0-301F-11D3-BF4B-00C04F79EFBC}") = "Tyuiu.ElmurzaevIH.Sprint4.Task4.V14", "Tyuiu.ElmurzaevIH.Sprint4.Task4.V14\Tyuiu.ElmurzaevIH.Sprint4.Task4.V14.csproj", "{C0E53542-3F60-401D-AAE1-F0AAAD8F2B96}"
EndProject
Project("{FAE04EC0-301F-11D3-BF4B-00C04F79EFBC}") = "Tyuiu.ElmurzaevIH.Sprint4.Task4.V14.Lib", "Tyuiu.ElmurzaevIH.Sprint4.Task4.V14.Lib\Tyuiu.ElmurzaevIH.Sprint4.Task4.V14.Lib.csproj", "{89CC87A0-DC49-416D-A98E-4E0F38CBA68A}"
EndProject
Project("{FAE04EC0-301F-11D3-BF4B-00C04F79EFBC}") = "Tyuiu.ElmurzaevIH.Sprint4.Task4.V14.Test", "Tyuiu.ElmurzaevIH.Sprint4.Task4.V14.Test\Tyuiu.ElmurzaevIH.Sprint4.Task4.V14.Test.csproj", "{ECE8F9E6-AC88-4639-9114-062974D793BC}"
EndProject
Project("{2150E333-8FDC-42A3-9474-1A3956D46DE8}") = "Task5", "Task5", "{F027BDD7-0134-442B-A6C2-D72BC8F3488B}"
EndProject
Project("{FAE04EC0-301F-11D3-BF4B-00C04F79EFBC}") = "Tyuiu.ElmurzaevIH.Sprint4.Task5.V2", "Tyuiu.ElmurzaevIH.Sprint4.Task5.V2\Tyuiu.ElmurzaevIH.Sprint4.Task5.V2.csproj", "{DD0657D6-736B-494E-8FA5-7C34CE4B0955}"
EndProject
Project("{FAE04EC0-301F-11D3-BF4B-00C04F79EFBC}") = "Tyuiu.ElmurzaevIH.Sprint4.Task5.V2.Lib", "Tyuiu.ElmurzaevIH.Sprint4.Task5.V2.Lib\Tyuiu.ElmurzaevIH.Sprint4.Task5.V2.Lib.csproj", "{326598C0-81AE-46E3-B068-E83F386036B1}"
EndProject
Project("{FAE04EC0-301F-11D3-BF4B-00C04F79EFBC}") = "Tyuiu.ElmurzaevIH.Sprint4.Task5.V2.Test", "Tyuiu.ElmurzaevIH.Sprint4.Task5.V2.Test\Tyuiu.ElmurzaevIH.Sprint4.Task5.V2.Test.csproj", "{268DA8FF-FC8B-4387-B8CF-D55F5DF8A9E2}"
EndProject
Project("{2150E333-8FDC-42A3-9474-1A3956D46DE8}") = "Task6", "Task6", "{04E56C29-0A49-4A6B-8EAE-A1C3B23A154B}"
EndProject
Project("{FAE04EC0-301F-11D3-BF4B-00C04F79EFBC}") = "Tyuiu.ElmurzaevIH.Sprint4.Task6.V15", "Tyuiu.ElmurzaevIH.Sprint4.Task6.V15\Tyuiu.ElmurzaevIH.Sprint4.Task6.V15.csproj", "{708ACD69-A2C9-42CC-B359-C09DFAA1BE7D}"
EndProject
Project("{FAE04EC0-301F-11D3-BF4B-00C04F79EFBC}") = "Tyuiu.ElmurzaevIH.Sprint4.Task6.V15.Lib", "Tyuiu.ElmurzaevIH.Sprint4.Task6.V15.Lib\Tyuiu.ElmurzaevIH.Sprint4.Task6.V15.Lib.csproj", "{57B46F82-06B4-4921-8E0A-1D07463F6E20}"
EndProject
Project("{FAE04EC0-301F-11D3-BF4B-00C04F79EFBC}") = "Tyuiu.ElmurzaevIH.Sprint4.Task6.V15.Test", "Tyuiu.ElmurzaevIH.Sprint4.Task6.V15.Test\Tyuiu.ElmurzaevIH.Sprint4.Task6.V15.Test.csproj", "{9165DC40-0E63-4E2B-B310-87644056B930}"
EndProject
Project("{2150E333-8FDC-42A3-9474-1A3956D46DE8}") = "Task7", "Task7", "{DE659FF5-9CB2-4625-AEF6-48BAF2BDDE50}"
EndProject
Project("{FAE04EC0-301F-11D3-BF4B-00C04F79EFBC}") = "Tyuiu.ElmurzaevIH.Sprint4.Task7.V11", "Tyuiu.ElmurzaevIH.Sprint4.Task7.V11\Tyuiu.ElmurzaevIH.Sprint4.Task7.V11.csproj", "{31876C65-26C7-4333-BB47-AE33158908DA}"
EndProject
Project("{FAE04EC0-301F-11D3-BF4B-00C04F79EFBC}") = "Tyuiu.ElmurzaevIH.Sprint4.Task7.V11.Lib", "Tyuiu.ElmurzaevIH.Sprint4.Task7.V11.Lib\Tyuiu.ElmurzaevIH.Sprint4.Task7.V11.Lib.csproj", "{8F1BFEC1-91FC-49DC-B86D-A498DE1B57AB}"
EndProject
Project("{FAE04EC0-301F-11D3-BF4B-00C04F79EFBC}") = "Tyuiu.ElmurzaevIH.Sprint4.Task7.V11.Test", "Tyuiu.ElmurzaevIH.Sprint4.Task7.V11.Test\Tyuiu.ElmurzaevIH.Sprint4.Task7.V11.Test.csproj", "{3FE969EB-B32C-47CC-9F65-90D0BFE6EB51}"
EndProject
Global
	GlobalSection(SolutionConfigurationPlatforms) = preSolution
		Debug|Any CPU = Debug|Any CPU
		Release|Any CPU = Release|Any CPU
	EndGlobalSection
	GlobalSection(ProjectConfigurationPlatforms) = postSolution
		{3729F695-F8D4-41DF-8D05-031EAE1298F9}.Debug|Any CPU.ActiveCfg = Debug|Any CPU
		{3729F695-F8D4-41DF-8D05-031EAE1298F9}.Debug|Any CPU.Build.0 = Debug|Any CPU
		{3729F695-F8D4-41DF-8D05-031EAE1298F9}.Release|Any CPU.ActiveCfg = Release|Any CPU
		{3729F695-F8D4-41DF-8D05-031EAE1298F9}.Release|Any CPU.Build.0 = Release|Any CPU
		{DDC7AC0F-05A4-47EC-9D12-85BFAA78AEE6}.Debug|Any CPU.ActiveCfg = Debug|Any CPU
		{DDC7AC0F-05A4-47EC-9D12-85BFAA78AEE6}.Debug|Any CPU.Build.0 = Debug|Any CPU
		{DDC7AC0F-05A4-47EC-9D12-85BFAA78AEE6}.Release|Any CPU.ActiveCfg = Release|Any CPU
		{DDC7AC0F-05A4-47EC-9D12-85BFAA78AEE6}.Release|Any CPU.Build.0 = Release|Any CPU
		{681BF755-CE76-4BF8-B124-995AF881D9CB}.Debug|Any CPU.ActiveCfg = Debug|Any CPU
		{681BF755-CE76-4BF8-B124-995AF881D9CB}.Debug|Any CPU.Build.0 = Debug|Any CPU
		{681BF755-CE76-4BF8-B124-995AF881D9CB}.Release|Any CPU.ActiveCfg = Release|Any CPU
		{681BF755-CE76-4BF8-B124-995AF881D9CB}.Release|Any CPU.Build.0 = Release|Any CPU
		{2CC83D9C-9CBA-4A50-AF9E-87F8D9FB898E}.Debug|Any CPU.ActiveCfg = Debug|Any CPU
		{2CC83D9C-9CBA-4A50-AF9E-87F8D9FB898E}.Debug|Any CPU.Build.0 = Debug|Any CPU
		{2CC83D9C-9CBA-4A50-AF9E-87F8D9FB898E}.Release|Any CPU.ActiveCfg = Release|Any CPU
		{2CC83D9C-9CBA-4A50-AF9E-87F8D9FB898E}.Release|Any CPU.Build.0 = Release|Any CPU
		{6FB6B695-6C79-4B8E-8A1B-27D7EEE94617}.Debug|Any CPU.ActiveCfg = Debug|Any CPU
		{6FB6B695-6C79-4B8E-8A1B-27D7EEE94617}.Debug|Any CPU.Build.0 = Debug|Any CPU
		{6FB6B695-6C79-4B8E-8A1B-27D7EEE94617}.Release|Any CPU.ActiveCfg = Release|Any CPU
		{6FB6B695-6C79-4B8E-8A1B-27D7EEE94617}.Release|Any CPU.Build.0 = Release|Any CPU
		{923C21D7-FC79-49C7-B9A9-8A3975D8F60B}.Debug|Any CPU.ActiveCfg = Debug|Any CPU
		{923C21D7-FC79-49C7-B9A9-8A3975D8F60B}.Debug|Any CPU.Build.0 = Debug|Any CPU
		{923C21D7-FC79-49C7-B9A9-8A3975D8F60B}.Release|Any CPU.ActiveCfg = Release|Any CPU
		{923C21D7-FC79-49C7-B9A9-8A3975D8F60B}.Release|Any CPU.Build.0 = Release|Any CPU
		{A91B47B2-4AAC-435E-8347-CBA486E95F63}.Debug|Any CPU.ActiveCfg = Debug|Any CPU
		{A91B47B2-4AAC-435E-8347-CBA486E95F63}.Debug|Any CPU.Build.0 = Debug|Any CPU
		{A91B47B2-4AAC-435E-8347-CBA486E95F63}.Release|Any CPU.ActiveCfg = Release|Any CPU
		{A91B47B2-4AAC-435E-8347-CBA486E95F63}.Release|Any CPU.Build.0 = Release|Any CPU
		{A165B851-2DB7-4180-953C-081AD91B9198}.Debug|Any CPU.ActiveCfg = Debug|Any CPU
		{A165B851-2DB7-4180-953C-081AD91B9198}.Debug|Any CPU.Build.0 = Debug|Any CPU
		{A165B851-2DB7-4180-953C-081AD91B9198}.Release|Any CPU.ActiveCfg = Release|Any CPU
		{A165B851-2DB7-4180-953C-081AD91B9198}.Release|Any CPU.Build.0 = Release|Any CPU
		{DCA0CD25-4FC4-409D-B7DB-7E478F75E58F}.Debug|Any CPU.ActiveCfg = Debug|Any CPU
		{DCA0CD25-4FC4-409D-B7DB-7E478F75E58F}.Debug|Any CPU.Build.0 = Debug|Any CPU
		{DCA0CD25-4FC4-409D-B7DB-7E478F75E58F}.Release|Any CPU.ActiveCfg = Release|Any CPU
		{DCA0CD25-4FC4-409D-B7DB-7E478F75E58F}.Release|Any CPU.Build.0 = Release|Any CPU
		{6D71C8E3-E3FD-4A9B-86A8-BFBF32B0CD48}.Debug|Any CPU.ActiveCfg = Debug|Any CPU
		{6D71C8E3-E3FD-4A9B-86A8-BFBF32B0CD48}.Debug|Any CPU.Build.0 = Debug|Any CPU
		{6D71C8E3-E3FD-4A9B-86A8-BFBF32B0CD48}.Release|Any CPU.ActiveCfg = Release|Any CPU
		{6D71C8E3-E3FD-4A9B-86A8-BFBF32B0CD48}.Release|Any CPU.Build.0 = Release|Any CPU
		{F49C6F00-B957-4CE6-93FB-DA6B9BD9F930}.Debug|Any CPU.ActiveCfg = Debug|Any CPU
		{F49C6F00-B957-4CE6-93FB-DA6B9BD9F930}.Debug|Any CPU.Build.0 = Debug|Any CPU
		{F49C6F00-B957-4CE6-93FB-DA6B9BD9F930}.Release|Any CPU.ActiveCfg = Release|Any CPU
		{F49C6F00-B957-4CE6-93FB-DA6B9BD9F930}.Release|Any CPU.Build.0 = Release|Any CPU
		{425AE82C-7132-42A3-9482-0638F12BBC77}.Debug|Any CPU.ActiveCfg = Debug|Any CPU
		{425AE82C-7132-42A3-9482-0638F12BBC77}.Debug|Any CPU.Build.0 = Debug|Any CPU
		{425AE82C-7132-42A3-9482-0638F12BBC77}.Release|Any CPU.ActiveCfg = Release|Any CPU
		{425AE82C-7132-42A3-9482-0638F12BBC77}.Release|Any CPU.Build.0 = Release|Any CPU
		{C0E53542-3F60-401D-AAE1-F0AAAD8F2B96}.Debug|Any CPU.ActiveCfg = Debug|Any CPU
		{C0E53542-3F60-401D-AAE1-F0AAAD8F2B96}.Debug|Any CPU.Build.0 = Debug|Any CPU
		{C0E53542-3F60-401D-AAE1-F0AAAD8F2B96}.Release|Any CPU.ActiveCfg = Release|Any CPU
		{C0E53542-3F60-401D-AAE1-F0AAAD8F2B96}.Release|Any CPU.Build.0 = Release|Any CPU
		{89CC87A0-DC49-416D-A98E-4E0F38CBA68A}.Debug|Any CPU.ActiveCfg = Debug|Any CPU
		{89CC87A0-DC49-416D-A98E-4E0F38CBA68A}.Debug|Any CPU.Build.0 = Debug|Any CPU
		{89CC87A0-DC49-416D-A98E-4E0F38CBA68A}.Release|Any CPU.ActiveCfg = Release|Any CPU
		{89CC87A0-DC49-416D-A98E-4E0F38CBA68A}.Release|Any CPU.Build.0 = Release|Any CPU
		{ECE8F9E6-AC88-4639-9114-062974D793BC}.Debug|Any CPU.ActiveCfg = Debug|Any CPU
		{ECE8F9E6-AC88-4639-9114-062974D793BC}.Debug|Any CPU.Build.0 = Debug|Any CPU
		{ECE8F9E6-AC88-4639-9114-062974D793BC}.Release|Any CPU.ActiveCfg = Release|Any CPU
		{ECE8F9E6-AC88-4639-9114-062974D793BC}.Release|Any CPU.Build.0 = Release|Any CPU
		{DD0657D6-736B-494E-8FA5-7C34CE4B0955}.Debug|Any CPU.ActiveCfg = Debug|Any CPU
		{DD0657D6-736B-494E-8FA5-7C34CE4B0955}.Debug|Any CPU.Build.0 = Debug|Any CPU
		{DD0657D6-736B-494E-8FA5-7C34CE4B0955}.Release|Any CPU.ActiveCfg = Release|Any CPU
		{DD0657D6-736B-494E-8FA5-7C34CE4B0955}.Release|Any CPU.Build.0 = Release|Any CPU
		{326598C0-81AE-46E3-B068-E83F386036B1}.Debug|Any CPU.ActiveCfg = Debug|Any CPU
		{326598C0-81AE-46E3-B068-E83F386036B1}.Debug|Any CPU.Build.0 = Debug|Any CPU
		{326598C0-81AE-46E3-B068-E83F386036B1}.Release|Any CPU.ActiveCfg = Release|Any CPU
		{326598C0-81AE-46E3-B068-E83F386036B1}.Release|Any CPU.Build.0 = Release|Any CPU
		{268DA8FF-FC8B-4387-B8CF-D55F5DF8A9E2}.Debug|Any CPU.ActiveCfg = Debug|Any CPU
		{268DA8FF-FC8B-4387-B8CF-D55F5DF8A9E2}.Debug|Any CPU.Build.0 = Debug|Any CPU
		{268DA8FF-FC8B-4387-B8CF-D55F5DF8A9E2}.Release|Any CPU.ActiveCfg = Release|Any CPU
		{268DA8FF-FC8B-4387-B8CF-D55F5DF8A9E2}.Release|Any CPU.Build.0 = Release|Any CPU
		{708ACD69-A2C9-42CC-B359-C09DFAA1BE7D}.Debug|Any CPU.ActiveCfg = Debug|Any CPU
		{708ACD69-A2C9-42CC-B359-C09DFAA1BE7D}.Debug|Any CPU.Build.0 = Debug|Any CPU
		{708ACD69-A2C9-42CC-B359-C09DFAA1BE7D}.Release|Any CPU.ActiveCfg = Release|Any CPU
		{708ACD69-A2C9-42CC-B359-C09DFAA1BE7D}.Release|Any CPU.Build.0 = Release|Any CPU
		{57B46F82-06B4-4921-8E0A-1D07463F6E20}.Debug|Any CPU.ActiveCfg = Debug|Any CPU
		{57B46F82-06B4-4921-8E0A-1D07463F6E20}.Debug|Any CPU.Build.0 = Debug|Any CPU
		{57B46F82-06B4-4921-8E0A-1D07463F6E20}.Release|Any CPU.ActiveCfg = Release|Any CPU
		{57B46F82-06B4-4921-8E0A-1D07463F6E20}.Release|Any CPU.Build.0 = Release|Any CPU
		{9165DC40-0E63-4E2B-B310-87644056B930}.Debug|Any CPU.ActiveCfg = Debug|Any CPU
		{9165DC40-0E63-4E2B-B310-87644056B930}.Debug|Any CPU.Build.0 = Debug|Any CPU
		{9165DC40-0E63-4E2B-B310-87644056B930}.Release|Any CPU.ActiveCfg = Release|Any CPU
		{9165DC40-0E63-4E2B-B310-87644056B930}.Release|Any CPU.Build.0 = Release|Any CPU
		{31876C65-26C7-4333-BB47-AE33158908DA}.Debug|Any CPU.ActiveCfg = Debug|Any CPU
		{31876C65-26C7-4333-BB47-AE33158908DA}.Debug|Any CPU.Build.0 = Debug|Any CPU
		{31876C65-26C7-4333-BB47-AE33158908DA}.Release|Any CPU.ActiveCfg = Release|Any CPU
		{31876C65-26C7-4333-BB47-AE33158908DA}.Release|Any CPU.Build.0 = Release|Any CPU
		{8F1BFEC1-91FC-49DC-B86D-A498DE1B57AB}.Debug|Any CPU.ActiveCfg = Debug|Any CPU
		{8F1BFEC1-91FC-49DC-B86D-A498DE1B57AB}.Debug|Any CPU.Build.0 = Debug|Any CPU
		{8F1BFEC1-91FC-49DC-B86D-A498DE1B57AB}.Release|Any CPU.ActiveCfg = Release|Any CPU
		{8F1BFEC1-91FC-49DC-B86D-A498DE1B57AB}.Release|Any CPU.Build.0 = Release|Any CPU
		{3FE969EB-B32C-47CC-9F65-90D0BFE6EB51}.Debug|Any CPU.ActiveCfg = Debug|Any CPU
		{3FE969EB-B32C-47CC-9F65-90D0BFE6EB51}.Debug|Any CPU.Build.0 = Debug|Any CPU
		{3FE969EB-B32C-47CC-9F65-90D0BFE6EB51}.Release|Any CPU.ActiveCfg = Release|Any CPU
		{3FE969EB-B32C-47CC-9F65-90D0BFE6EB51}.Release|Any CPU.Build.0 = Release|Any CPU
	EndGlobalSection
	GlobalSection(SolutionProperties) = preSolution
		HideSolutionNode = FALSE
	EndGlobalSection
	GlobalSection(NestedProjects) = preSolution
		{3729F695-F8D4-41DF-8D05-031EAE1298F9} = {632377E4-0BC8-4A9C-9E4E-B49396E2ED3E}
		{DDC7AC0F-05A4-47EC-9D12-85BFAA78AEE6} = {632377E4-0BC8-4A9C-9E4E-B49396E2ED3E}
		{681BF755-CE76-4BF8-B124-995AF881D9CB} = {632377E4-0BC8-4A9C-9E4E-B49396E2ED3E}
		{2CC83D9C-9CBA-4A50-AF9E-87F8D9FB898E} = {D38A8DCD-6244-42FC-B5E8-A90CCDD33DCC}
		{6FB6B695-6C79-4B8E-8A1B-27D7EEE94617} = {D38A8DCD-6244-42FC-B5E8-A90CCDD33DCC}
		{923C21D7-FC79-49C7-B9A9-8A3975D8F60B} = {D38A8DCD-6244-42FC-B5E8-A90CCDD33DCC}
		{A91B47B2-4AAC-435E-8347-CBA486E95F63} = {1C8F5DD4-4422-428A-B243-49C86C5B9826}
		{A165B851-2DB7-4180-953C-081AD91B9198} = {1C8F5DD4-4422-428A-B243-49C86C5B9826}
		{DCA0CD25-4FC4-409D-B7DB-7E478F75E58F} = {1C8F5DD4-4422-428A-B243-49C86C5B9826}
		{6D71C8E3-E3FD-4A9B-86A8-BFBF32B0CD48} = {42614B3B-4D1F-4178-822E-67D0033ED165}
		{F49C6F00-B957-4CE6-93FB-DA6B9BD9F930} = {42614B3B-4D1F-4178-822E-67D0033ED165}
		{425AE82C-7132-42A3-9482-0638F12BBC77} = {42614B3B-4D1F-4178-822E-67D0033ED165}
		{C0E53542-3F60-401D-AAE1-F0AAAD8F2B96} = {8CFFB374-FF2F-4330-B81A-864CFCBE90EC}
		{89CC87A0-DC49-416D-A98E-4E0F38CBA68A} = {8CFFB374-FF2F-4330-B81A-864CFCBE90EC}
		{ECE8F9E6-AC88-4639-9114-062974D793BC} = {8CFFB374-FF2F-4330-B81A-864CFCBE90EC}
		{DD0657D6-736B-494E-8FA5-7C34CE4B0955} = {F027BDD7-0134-442B-A6C2-D72BC8F3488B}
		{326598C0-81AE-46E3-B068-E83F386036B1} = {F027BDD7-0134-442B-A6C2-D72BC8F3488B}
		{268DA8FF-FC8B-4387-B8CF-D55F5DF8A9E2} = {F027BDD7-0134-442B-A6C2-D72BC8F3488B}
		{708ACD69-A2C9-42CC-B359-C09DFAA1BE7D} = {04E56C29-0A49-4A6B-8EAE-A1C3B23A154B}
		{57B46F82-06B4-4921-8E0A-1D07463F6E20} = {04E56C29-0A49-4A6B-8EAE-A1C3B23A154B}
		{9165DC40-0E63-4E2B-B310-87644056B930} = {04E56C29-0A49-4A6B-8EAE-A1C3B23A154B}
		{31876C65-26C7-4333-BB47-AE33158908DA} = {DE659FF5-9CB2-4625-AEF6-48BAF2BDDE50}
		{8F1BFEC1-91FC-49DC-B86D-A498DE1B57AB} = {DE659FF5-9CB2-4625-AEF6-48BAF2BDDE50}
		{3FE969EB-B32C-47CC-9F65-90D0BFE6EB51} = {DE659FF5-9CB2-4625-AEF6-48BAF2BDDE50}
	EndGlobalSection
	GlobalSection(ExtensibilityGlobals) = postSolution
		SolutionGuid = {BCB5E602-F67C-49D2-8707-0C69B4C87B64}
	EndGlobalSection
EndGlobal
